
Microsoft Visual Studio Solution File, Format Version 12.00
# Visual Studio 15
VisualStudioVersion = 15.0.28010.2050
MinimumVisualStudioVersion = 10.0.40219.1
Project("{8BC9CEB8-8B4A-11D0-8D11-00A0C91BC942}") = "객체", "객체\객체.vcxproj", "{DB75DECB-4C97-4598-B2E3-24A4F4FF6C7E}"
EndProject
Global
	GlobalSection(SolutionConfigurationPlatforms) = preSolution
		Debug|x64 = Debug|x64
		Debug|x86 = Debug|x86
		Release|x64 = Release|x64
		Release|x86 = Release|x86
	EndGlobalSection
	GlobalSection(ProjectConfigurationPlatforms) = postSolution
		{DB75DECB-4C97-4598-B2E3-24A4F4FF6C7E}.Debug|x64.ActiveCfg = Debug|x64
		{DB75DECB-4C97-4598-B2E3-24A4F4FF6C7E}.Debug|x64.Build.0 = Debug|x64
		{DB75DECB-4C97-4598-B2E3-24A4F4FF6C7E}.Debug|x86.ActiveCfg = Debug|Win32
		{DB75DECB-4C97-4598-B2E3-24A4F4FF6C7E}.Debug|x86.Build.0 = Debug|Win32
		{DB75DECB-4C97-4598-B2E3-24A4F4FF6C7E}.Release|x64.ActiveCfg = Release|x64
		{DB75DECB-4C97-4598-B2E3-24A4F4FF6C7E}.Release|x64.Build.0 = Release|x64
		{DB75DECB-4C97-4598-B2E3-24A4F4FF6C7E}.Release|x86.ActiveCfg = Release|Win32
		{DB75DECB-4C97-4598-B2E3-24A4F4FF6C7E}.Release|x86.Build.0 = Release|Win32
	EndGlobalSection
	GlobalSection(SolutionProperties) = preSolution
		HideSolutionNode = FALSE
	EndGlobalSection
	GlobalSection(ExtensibilityGlobals) = postSolution
		SolutionGuid = {44E7FBAF-6826-40A0-9252-1E7C806B5DF4}
	EndGlobalSection
EndGlobal
