
Microsoft Visual Studio Solution File, Format Version 12.00
# Visual Studio 15
VisualStudioVersion = 15.0.28010.2050
MinimumVisualStudioVersion = 10.0.40219.1
Project("{8BC9CEB8-8B4A-11D0-8D11-00A0C91BC942}") = "oooooop", "oooooop\oooooop.vcxproj", "{292EAA39-FAAD-4822-A577-2B3FE3DFB9BE}"
EndProject
Global
	GlobalSection(SolutionConfigurationPlatforms) = preSolution
		Debug|x64 = Debug|x64
		Debug|x86 = Debug|x86
		Release|x64 = Release|x64
		Release|x86 = Release|x86
	EndGlobalSection
	GlobalSection(ProjectConfigurationPlatforms) = postSolution
		{292EAA39-FAAD-4822-A577-2B3FE3DFB9BE}.Debug|x64.ActiveCfg = Debug|x64
		{292EAA39-FAAD-4822-A577-2B3FE3DFB9BE}.Debug|x64.Build.0 = Debug|x64
		{292EAA39-FAAD-4822-A577-2B3FE3DFB9BE}.Debug|x86.ActiveCfg = Debug|Win32
		{292EAA39-FAAD-4822-A577-2B3FE3DFB9BE}.Debug|x86.Build.0 = Debug|Win32
		{292EAA39-FAAD-4822-A577-2B3FE3DFB9BE}.Release|x64.ActiveCfg = Release|x64
		{292EAA39-FAAD-4822-A577-2B3FE3DFB9BE}.Release|x64.Build.0 = Release|x64
		{292EAA39-FAAD-4822-A577-2B3FE3DFB9BE}.Release|x86.ActiveCfg = Release|Win32
		{292EAA39-FAAD-4822-A577-2B3FE3DFB9BE}.Release|x86.Build.0 = Release|Win32
	EndGlobalSection
	GlobalSection(SolutionProperties) = preSolution
		HideSolutionNode = FALSE
	EndGlobalSection
	GlobalSection(ExtensibilityGlobals) = postSolution
		SolutionGuid = {FF288439-F133-4880-A319-E37EF4744559}
	EndGlobalSection
EndGlobal
